// !$*UTF8*$!
{
	archiveVersion = 1;
	classes = {
	};
	objectVersion = 50;
	objects = {

/* Begin PBXBuildFile section */
		9A40A6B323AD92500031E91F /* Measurement.swift in Sources */ = {isa = PBXBuildFile; fileRef = 9A40A6B223AD92500031E91F /* Measurement.swift */; };
		9A40A6BA23AD929F0031E91F /* lotr.txt in Resources */ = {isa = PBXBuildFile; fileRef = 9A40A69E23AD7BFB0031E91F /* lotr.txt */; };
		9A40A6BB23AD929F0031E91F /* lotr_compressed.bin in Resources */ = {isa = PBXBuildFile; fileRef = 9A40A6A623AD8CFA0031E91F /* lotr_compressed.bin */; };
		9A6050EF2360E10D0009495C /* BitWriter.swift in Sources */ = {isa = PBXBuildFile; fileRef = 9A6050EE2360E10D0009495C /* BitWriter.swift */; };
		9A6050F12360E1190009495C /* BitReader.swift in Sources */ = {isa = PBXBuildFile; fileRef = 9A6050F02360E1190009495C /* BitReader.swift */; };
		9A6BA7BB235D13E000E7F9C2 /* TreeCompressorTest.swift in Sources */ = {isa = PBXBuildFile; fileRef = 9A6BA7BA235D13E000E7F9C2 /* TreeCompressorTest.swift */; };
		9A6BA7BD235D13F100E7F9C2 /* TreeDecoderTest.swift in Sources */ = {isa = PBXBuildFile; fileRef = 9A6BA7BC235D13F100E7F9C2 /* TreeDecoderTest.swift */; };
		9A6BA7BF235D140300E7F9C2 /* TreeCompressor.swift in Sources */ = {isa = PBXBuildFile; fileRef = 9A6BA7BE235D140300E7F9C2 /* TreeCompressor.swift */; };
		9A6BA7C1235D140D00E7F9C2 /* TreeDecoder.swift in Sources */ = {isa = PBXBuildFile; fileRef = 9A6BA7C0235D140D00E7F9C2 /* TreeDecoder.swift */; };
		9A8BDFCB23450DF6000D7A85 /* AppDelegate.swift in Sources */ = {isa = PBXBuildFile; fileRef = 9A8BDFCA23450DF6000D7A85 /* AppDelegate.swift */; };
		9A8BDFCD23450DF6000D7A85 /* SceneDelegate.swift in Sources */ = {isa = PBXBuildFile; fileRef = 9A8BDFCC23450DF6000D7A85 /* SceneDelegate.swift */; };
		9A8BDFCF23450DF6000D7A85 /* ViewController.swift in Sources */ = {isa = PBXBuildFile; fileRef = 9A8BDFCE23450DF6000D7A85 /* ViewController.swift */; };
		9A8BDFD223450DF6000D7A85 /* Main.storyboard in Resources */ = {isa = PBXBuildFile; fileRef = 9A8BDFD023450DF6000D7A85 /* Main.storyboard */; };
		9A8BDFD423450DF8000D7A85 /* Assets.xcassets in Resources */ = {isa = PBXBuildFile; fileRef = 9A8BDFD323450DF8000D7A85 /* Assets.xcassets */; };
		9A8BDFD723450DF8000D7A85 /* LaunchScreen.storyboard in Resources */ = {isa = PBXBuildFile; fileRef = 9A8BDFD523450DF8000D7A85 /* LaunchScreen.storyboard */; };
		9A8BDFF323450E2C000D7A85 /* Decompressor.swift in Sources */ = {isa = PBXBuildFile; fileRef = 9A8BDFEE23450E24000D7A85 /* Decompressor.swift */; };
		9A8BDFF423450E2C000D7A85 /* Compressor.swift in Sources */ = {isa = PBXBuildFile; fileRef = 9A8BDFEF23450E24000D7A85 /* Compressor.swift */; };
		9A8BDFF523450E2C000D7A85 /* Tree.swift in Sources */ = {isa = PBXBuildFile; fileRef = 9A8BDFF023450E24000D7A85 /* Tree.swift */; };
		9A8BDFF623450E2C000D7A85 /* FrequenceAnalizer.swift in Sources */ = {isa = PBXBuildFile; fileRef = 9A8BDFF123450E24000D7A85 /* FrequenceAnalizer.swift */; };
		9A8BDFF823450E30000D7A85 /* FrequenceAnalizerTest.swift in Sources */ = {isa = PBXBuildFile; fileRef = 9A8BDFF223450E24000D7A85 /* FrequenceAnalizerTest.swift */; };
		9A8BDFFA23453581000D7A85 /* E2ETest.swift in Sources */ = {isa = PBXBuildFile; fileRef = 9A8BDFF923453581000D7A85 /* E2ETest.swift */; };
		9A8BDFFC23454592000D7A85 /* Interface.swift in Sources */ = {isa = PBXBuildFile; fileRef = 9A8BDFFB23454592000D7A85 /* Interface.swift */; };
		9AAD076623456FEC0072D74F /* TreeConverter.swift in Sources */ = {isa = PBXBuildFile; fileRef = 9AAD076523456FEC0072D74F /* TreeConverter.swift */; };
		9AAD0768234571410072D74F /* TreeConverterTest.swift in Sources */ = {isa = PBXBuildFile; fileRef = 9AAD0767234571410072D74F /* TreeConverterTest.swift */; };
/* End PBXBuildFile section */

/* Begin PBXContainerItemProxy section */
		9A40A6B523AD92500031E91F /* PBXContainerItemProxy */ = {
			isa = PBXContainerItemProxy;
			containerPortal = 9A8BDFBF23450DF6000D7A85 /* Project object */;
			proxyType = 1;
			remoteGlobalIDString = 9A8BDFC623450DF6000D7A85;
			remoteInfo = Huffman;
		};
		9A8BDFDE23450DF8000D7A85 /* PBXContainerItemProxy */ = {
			isa = PBXContainerItemProxy;
			containerPortal = 9A8BDFBF23450DF6000D7A85 /* Project object */;
			proxyType = 1;
			remoteGlobalIDString = 9A8BDFC623450DF6000D7A85;
			remoteInfo = Huffman;
		};
/* End PBXContainerItemProxy section */

/* Begin PBXFileReference section */
		9A40A69E23AD7BFB0031E91F /* lotr.txt */ = {isa = PBXFileReference; lastKnownFileType = text; path = lotr.txt; sourceTree = "<group>"; };
		9A40A6A623AD8CFA0031E91F /* lotr_compressed.bin */ = {isa = PBXFileReference; lastKnownFileType = archive.macbinary; path = lotr_compressed.bin; sourceTree = "<group>"; };
		9A40A6B023AD92500031E91F /* Measurement.xctest */ = {isa = PBXFileReference; explicitFileType = wrapper.cfbundle; includeInIndex = 0; path = Measurement.xctest; sourceTree = BUILT_PRODUCTS_DIR; };
		9A40A6B223AD92500031E91F /* Measurement.swift */ = {isa = PBXFileReference; lastKnownFileType = sourcecode.swift; path = Measurement.swift; sourceTree = "<group>"; };
		9A40A6B423AD92500031E91F /* Info.plist */ = {isa = PBXFileReference; lastKnownFileType = text.plist.xml; path = Info.plist; sourceTree = "<group>"; };
		9A6050EE2360E10D0009495C /* BitWriter.swift */ = {isa = PBXFileReference; lastKnownFileType = sourcecode.swift; path = BitWriter.swift; sourceTree = "<group>"; };
		9A6050F02360E1190009495C /* BitReader.swift */ = {isa = PBXFileReference; lastKnownFileType = sourcecode.swift; path = BitReader.swift; sourceTree = "<group>"; };
		9A6BA7BA235D13E000E7F9C2 /* TreeCompressorTest.swift */ = {isa = PBXFileReference; lastKnownFileType = sourcecode.swift; path = TreeCompressorTest.swift; sourceTree = "<group>"; };
		9A6BA7BC235D13F100E7F9C2 /* TreeDecoderTest.swift */ = {isa = PBXFileReference; lastKnownFileType = sourcecode.swift; path = TreeDecoderTest.swift; sourceTree = "<group>"; };
		9A6BA7BE235D140300E7F9C2 /* TreeCompressor.swift */ = {isa = PBXFileReference; lastKnownFileType = sourcecode.swift; path = TreeCompressor.swift; sourceTree = "<group>"; };
		9A6BA7C0235D140D00E7F9C2 /* TreeDecoder.swift */ = {isa = PBXFileReference; lastKnownFileType = sourcecode.swift; path = TreeDecoder.swift; sourceTree = "<group>"; };
		9A8BDFC723450DF6000D7A85 /* Huffman.app */ = {isa = PBXFileReference; explicitFileType = wrapper.application; includeInIndex = 0; path = Huffman.app; sourceTree = BUILT_PRODUCTS_DIR; };
		9A8BDFCA23450DF6000D7A85 /* AppDelegate.swift */ = {isa = PBXFileReference; lastKnownFileType = sourcecode.swift; path = AppDelegate.swift; sourceTree = "<group>"; };
		9A8BDFCC23450DF6000D7A85 /* SceneDelegate.swift */ = {isa = PBXFileReference; lastKnownFileType = sourcecode.swift; path = SceneDelegate.swift; sourceTree = "<group>"; };
		9A8BDFCE23450DF6000D7A85 /* ViewController.swift */ = {isa = PBXFileReference; lastKnownFileType = sourcecode.swift; path = ViewController.swift; sourceTree = "<group>"; };
		9A8BDFD123450DF6000D7A85 /* Base */ = {isa = PBXFileReference; lastKnownFileType = file.storyboard; name = Base; path = Base.lproj/Main.storyboard; sourceTree = "<group>"; };
		9A8BDFD323450DF8000D7A85 /* Assets.xcassets */ = {isa = PBXFileReference; lastKnownFileType = folder.assetcatalog; path = Assets.xcassets; sourceTree = "<group>"; };
		9A8BDFD623450DF8000D7A85 /* Base */ = {isa = PBXFileReference; lastKnownFileType = file.storyboard; name = Base; path = Base.lproj/LaunchScreen.storyboard; sourceTree = "<group>"; };
		9A8BDFD823450DF8000D7A85 /* Info.plist */ = {isa = PBXFileReference; lastKnownFileType = text.plist.xml; path = Info.plist; sourceTree = "<group>"; };
		9A8BDFDD23450DF8000D7A85 /* HuffmanTests.xctest */ = {isa = PBXFileReference; explicitFileType = wrapper.cfbundle; includeInIndex = 0; path = HuffmanTests.xctest; sourceTree = BUILT_PRODUCTS_DIR; };
		9A8BDFE323450DF8000D7A85 /* Info.plist */ = {isa = PBXFileReference; lastKnownFileType = text.plist.xml; path = Info.plist; sourceTree = "<group>"; };
		9A8BDFEE23450E24000D7A85 /* Decompressor.swift */ = {isa = PBXFileReference; lastKnownFileType = sourcecode.swift; path = Decompressor.swift; sourceTree = "<group>"; };
		9A8BDFEF23450E24000D7A85 /* Compressor.swift */ = {isa = PBXFileReference; lastKnownFileType = sourcecode.swift; path = Compressor.swift; sourceTree = "<group>"; };
		9A8BDFF023450E24000D7A85 /* Tree.swift */ = {isa = PBXFileReference; lastKnownFileType = sourcecode.swift; path = Tree.swift; sourceTree = "<group>"; };
		9A8BDFF123450E24000D7A85 /* FrequenceAnalizer.swift */ = {isa = PBXFileReference; lastKnownFileType = sourcecode.swift; path = FrequenceAnalizer.swift; sourceTree = "<group>"; };
		9A8BDFF223450E24000D7A85 /* FrequenceAnalizerTest.swift */ = {isa = PBXFileReference; lastKnownFileType = sourcecode.swift; path = FrequenceAnalizerTest.swift; sourceTree = "<group>"; };
		9A8BDFF923453581000D7A85 /* E2ETest.swift */ = {isa = PBXFileReference; lastKnownFileType = sourcecode.swift; path = E2ETest.swift; sourceTree = "<group>"; };
		9A8BDFFB23454592000D7A85 /* Interface.swift */ = {isa = PBXFileReference; lastKnownFileType = sourcecode.swift; path = Interface.swift; sourceTree = "<group>"; };
		9AAD076523456FEC0072D74F /* TreeConverter.swift */ = {isa = PBXFileReference; lastKnownFileType = sourcecode.swift; path = TreeConverter.swift; sourceTree = "<group>"; };
		9AAD0767234571410072D74F /* TreeConverterTest.swift */ = {isa = PBXFileReference; lastKnownFileType = sourcecode.swift; path = TreeConverterTest.swift; sourceTree = "<group>"; };
/* End PBXFileReference section */

/* Begin PBXFrameworksBuildPhase section */
		9A40A6AD23AD92500031E91F /* Frameworks */ = {
			isa = PBXFrameworksBuildPhase;
			buildActionMask = 2147483647;
			files = (
			);
			runOnlyForDeploymentPostprocessing = 0;
		};
		9A8BDFC423450DF6000D7A85 /* Frameworks */ = {
			isa = PBXFrameworksBuildPhase;
			buildActionMask = 2147483647;
			files = (
			);
			runOnlyForDeploymentPostprocessing = 0;
		};
		9A8BDFDA23450DF8000D7A85 /* Frameworks */ = {
			isa = PBXFrameworksBuildPhase;
			buildActionMask = 2147483647;
			files = (
			);
			runOnlyForDeploymentPostprocessing = 0;
		};
/* End PBXFrameworksBuildPhase section */

/* Begin PBXGroup section */
		9A40A69A23A715010031E91F /* Tree */ = {
			isa = PBXGroup;
			children = (
				9A40A69C23A715310031E91F /* FrequenceBasedCompression */,
				9A40A69B23A7151D0031E91F /* PathBasedCompression */,
				9A8BDFF023450E24000D7A85 /* Tree.swift */,
			);
			path = Tree;
			sourceTree = "<group>";
		};
		9A40A69B23A7151D0031E91F /* PathBasedCompression */ = {
			isa = PBXGroup;
			children = (
				9A6BA7BE235D140300E7F9C2 /* TreeCompressor.swift */,
				9A6BA7BA235D13E000E7F9C2 /* TreeCompressorTest.swift */,
				9A6BA7C0235D140D00E7F9C2 /* TreeDecoder.swift */,
				9A6BA7BC235D13F100E7F9C2 /* TreeDecoderTest.swift */,
			);
			path = PathBasedCompression;
			sourceTree = "<group>";
		};
		9A40A69C23A715310031E91F /* FrequenceBasedCompression */ = {
			isa = PBXGroup;
			children = (
			);
			path = FrequenceBasedCompression;
			sourceTree = "<group>";
		};
		9A40A6B123AD92500031E91F /* Measurement */ = {
			isa = PBXGroup;
			children = (
				9A40A69E23AD7BFB0031E91F /* lotr.txt */,
				9A40A6A623AD8CFA0031E91F /* lotr_compressed.bin */,
				9A40A6B223AD92500031E91F /* Measurement.swift */,
				9A40A6B423AD92500031E91F /* Info.plist */,
			);
			path = Measurement;
			sourceTree = "<group>";
		};
		9A6050ED2360E0F90009495C /* Bit */ = {
			isa = PBXGroup;
			children = (
				9A6050EE2360E10D0009495C /* BitWriter.swift */,
				9A6050F02360E1190009495C /* BitReader.swift */,
			);
			path = Bit;
			sourceTree = "<group>";
		};
		9A8BDFBE23450DF6000D7A85 = {
			isa = PBXGroup;
			children = (
				9A8BDFC923450DF6000D7A85 /* Huffman */,
				9A8BDFE023450DF8000D7A85 /* HuffmanTests */,
				9A40A6B123AD92500031E91F /* Measurement */,
				9A8BDFC823450DF6000D7A85 /* Products */,
			);
			sourceTree = "<group>";
		};
		9A8BDFC823450DF6000D7A85 /* Products */ = {
			isa = PBXGroup;
			children = (
				9A8BDFC723450DF6000D7A85 /* Huffman.app */,
				9A8BDFDD23450DF8000D7A85 /* HuffmanTests.xctest */,
				9A40A6B023AD92500031E91F /* Measurement.xctest */,
			);
			name = Products;
			sourceTree = "<group>";
		};
		9A8BDFC923450DF6000D7A85 /* Huffman */ = {
			isa = PBXGroup;
			children = (
				9A8BDFEC23450E24000D7A85 /* Algorithm */,
				9A8BDFCA23450DF6000D7A85 /* AppDelegate.swift */,
				9A8BDFCC23450DF6000D7A85 /* SceneDelegate.swift */,
				9A8BDFCE23450DF6000D7A85 /* ViewController.swift */,
				9A8BDFD023450DF6000D7A85 /* Main.storyboard */,
				9A8BDFD323450DF8000D7A85 /* Assets.xcassets */,
				9A8BDFD523450DF8000D7A85 /* LaunchScreen.storyboard */,
				9A8BDFD823450DF8000D7A85 /* Info.plist */,
			);
			path = Huffman;
			sourceTree = "<group>";
		};
		9A8BDFE023450DF8000D7A85 /* HuffmanTests */ = {
			isa = PBXGroup;
			children = (
				9A8BDFE323450DF8000D7A85 /* Info.plist */,
			);
			path = HuffmanTests;
			sourceTree = "<group>";
		};
		9A8BDFEC23450E24000D7A85 /* Algorithm */ = {
			isa = PBXGroup;
			children = (
				9A40A69A23A715010031E91F /* Tree */,
				9A6050ED2360E0F90009495C /* Bit */,
				9A8BDFEF23450E24000D7A85 /* Compressor.swift */,
				9A8BDFEE23450E24000D7A85 /* Decompressor.swift */,
				9AAD076523456FEC0072D74F /* TreeConverter.swift */,
				9AAD0767234571410072D74F /* TreeConverterTest.swift */,
				9A8BDFF123450E24000D7A85 /* FrequenceAnalizer.swift */,
				9A8BDFF223450E24000D7A85 /* FrequenceAnalizerTest.swift */,
				9A8BDFF923453581000D7A85 /* E2ETest.swift */,
				9A8BDFFB23454592000D7A85 /* Interface.swift */,
			);
			path = Algorithm;
			sourceTree = "<group>";
		};
/* End PBXGroup section */

/* Begin PBXNativeTarget section */
		9A40A6AF23AD92500031E91F /* Measurement */ = {
			isa = PBXNativeTarget;
			buildConfigurationList = 9A40A6B723AD92500031E91F /* Build configuration list for PBXNativeTarget "Measurement" */;
			buildPhases = (
				9A40A6AC23AD92500031E91F /* Sources */,
				9A40A6AD23AD92500031E91F /* Frameworks */,
				9A40A6AE23AD92500031E91F /* Resources */,
			);
			buildRules = (
			);
			dependencies = (
				9A40A6B623AD92500031E91F /* PBXTargetDependency */,
			);
			name = Measurement;
			productName = Measurement;
			productReference = 9A40A6B023AD92500031E91F /* Measurement.xctest */;
			productType = "com.apple.product-type.bundle.unit-test";
		};
		9A8BDFC623450DF6000D7A85 /* Huffman */ = {
			isa = PBXNativeTarget;
			buildConfigurationList = 9A8BDFE623450DF8000D7A85 /* Build configuration list for PBXNativeTarget "Huffman" */;
			buildPhases = (
				9A8BDFC323450DF6000D7A85 /* Sources */,
				9A8BDFC423450DF6000D7A85 /* Frameworks */,
				9A8BDFC523450DF6000D7A85 /* Resources */,
			);
			buildRules = (
			);
			dependencies = (
			);
			name = Huffman;
			productName = Huffman;
			productReference = 9A8BDFC723450DF6000D7A85 /* Huffman.app */;
			productType = "com.apple.product-type.application";
		};
		9A8BDFDC23450DF8000D7A85 /* HuffmanTests */ = {
			isa = PBXNativeTarget;
			buildConfigurationList = 9A8BDFE923450DF8000D7A85 /* Build configuration list for PBXNativeTarget "HuffmanTests" */;
			buildPhases = (
				9A8BDFD923450DF8000D7A85 /* Sources */,
				9A8BDFDA23450DF8000D7A85 /* Frameworks */,
				9A8BDFDB23450DF8000D7A85 /* Resources */,
			);
			buildRules = (
			);
			dependencies = (
				9A8BDFDF23450DF8000D7A85 /* PBXTargetDependency */,
			);
			name = HuffmanTests;
			productName = HuffmanTests;
			productReference = 9A8BDFDD23450DF8000D7A85 /* HuffmanTests.xctest */;
			productType = "com.apple.product-type.bundle.unit-test";
		};
/* End PBXNativeTarget section */

/* Begin PBXProject section */
		9A8BDFBF23450DF6000D7A85 /* Project object */ = {
			isa = PBXProject;
			attributes = {
				LastSwiftUpdateCheck = 1130;
				LastUpgradeCheck = 1100;
				ORGANIZATIONNAME = "Vladyslav Anokhin";
				TargetAttributes = {
					9A40A6AF23AD92500031E91F = {
						CreatedOnToolsVersion = 11.3;
						TestTargetID = 9A8BDFC623450DF6000D7A85;
					};
					9A8BDFC623450DF6000D7A85 = {
						CreatedOnToolsVersion = 11.0;
					};
					9A8BDFDC23450DF8000D7A85 = {
						CreatedOnToolsVersion = 11.0;
						TestTargetID = 9A8BDFC623450DF6000D7A85;
					};
				};
			};
			buildConfigurationList = 9A8BDFC223450DF6000D7A85 /* Build configuration list for PBXProject "Huffman" */;
			compatibilityVersion = "Xcode 9.3";
			developmentRegion = en;
			hasScannedForEncodings = 0;
			knownRegions = (
				en,
				Base,
			);
			mainGroup = 9A8BDFBE23450DF6000D7A85;
			productRefGroup = 9A8BDFC823450DF6000D7A85 /* Products */;
			projectDirPath = "";
			projectRoot = "";
			targets = (
				9A8BDFC623450DF6000D7A85 /* Huffman */,
				9A8BDFDC23450DF8000D7A85 /* HuffmanTests */,
				9A40A6AF23AD92500031E91F /* Measurement */,
			);
		};
/* End PBXProject section */

/* Begin PBXResourcesBuildPhase section */
		9A40A6AE23AD92500031E91F /* Resources */ = {
			isa = PBXResourcesBuildPhase;
			buildActionMask = 2147483647;
			files = (
				9A40A6BA23AD929F0031E91F /* lotr.txt in Resources */,
				9A40A6BB23AD929F0031E91F /* lotr_compressed.bin in Resources */,
			);
			runOnlyForDeploymentPostprocessing = 0;
		};
		9A8BDFC523450DF6000D7A85 /* Resources */ = {
			isa = PBXResourcesBuildPhase;
			buildActionMask = 2147483647;
			files = (
				9A8BDFD723450DF8000D7A85 /* LaunchScreen.storyboard in Resources */,
				9A8BDFD423450DF8000D7A85 /* Assets.xcassets in Resources */,
				9A8BDFD223450DF6000D7A85 /* Main.storyboard in Resources */,
			);
			runOnlyForDeploymentPostprocessing = 0;
		};
		9A8BDFDB23450DF8000D7A85 /* Resources */ = {
			isa = PBXResourcesBuildPhase;
			buildActionMask = 2147483647;
			files = (
			);
			runOnlyForDeploymentPostprocessing = 0;
		};
/* End PBXResourcesBuildPhase section */

/* Begin PBXSourcesBuildPhase section */
		9A40A6AC23AD92500031E91F /* Sources */ = {
			isa = PBXSourcesBuildPhase;
			buildActionMask = 2147483647;
			files = (
				9A40A6B323AD92500031E91F /* Measurement.swift in Sources */,
			);
			runOnlyForDeploymentPostprocessing = 0;
		};
		9A8BDFC323450DF6000D7A85 /* Sources */ = {
			isa = PBXSourcesBuildPhase;
			buildActionMask = 2147483647;
			files = (
				9A6050F12360E1190009495C /* BitReader.swift in Sources */,
				9A8BDFCF23450DF6000D7A85 /* ViewController.swift in Sources */,
				9A8BDFCB23450DF6000D7A85 /* AppDelegate.swift in Sources */,
				9A8BDFCD23450DF6000D7A85 /* SceneDelegate.swift in Sources */,
				9A8BDFFC23454592000D7A85 /* Interface.swift in Sources */,
				9A8BDFF523450E2C000D7A85 /* Tree.swift in Sources */,
				9A6BA7BF235D140300E7F9C2 /* TreeCompressor.swift in Sources */,
				9A6050EF2360E10D0009495C /* BitWriter.swift in Sources */,
				9A8BDFF423450E2C000D7A85 /* Compressor.swift in Sources */,
				9AAD076623456FEC0072D74F /* TreeConverter.swift in Sources */,
				9A8BDFF623450E2C000D7A85 /* FrequenceAnalizer.swift in Sources */,
				9A6BA7C1235D140D00E7F9C2 /* TreeDecoder.swift in Sources */,
				9A8BDFF323450E2C000D7A85 /* Decompressor.swift in Sources */,
			);
			runOnlyForDeploymentPostprocessing = 0;
		};
		9A8BDFD923450DF8000D7A85 /* Sources */ = {
			isa = PBXSourcesBuildPhase;
			buildActionMask = 2147483647;
			files = (
				9A8BDFFA23453581000D7A85 /* E2ETest.swift in Sources */,
				9A8BDFF823450E30000D7A85 /* FrequenceAnalizerTest.swift in Sources */,
				9A6BA7BD235D13F100E7F9C2 /* TreeDecoderTest.swift in Sources */,
				9AAD0768234571410072D74F /* TreeConverterTest.swift in Sources */,
				9A6BA7BB235D13E000E7F9C2 /* TreeCompressorTest.swift in Sources */,
			);
			runOnlyForDeploymentPostprocessing = 0;
		};
/* End PBXSourcesBuildPhase section */

/* Begin PBXTargetDependency section */
		9A40A6B623AD92500031E91F /* PBXTargetDependency */ = {
			isa = PBXTargetDependency;
			target = 9A8BDFC623450DF6000D7A85 /* Huffman */;
			targetProxy = 9A40A6B523AD92500031E91F /* PBXContainerItemProxy */;
		};
		9A8BDFDF23450DF8000D7A85 /* PBXTargetDependency */ = {
			isa = PBXTargetDependency;
			target = 9A8BDFC623450DF6000D7A85 /* Huffman */;
			targetProxy = 9A8BDFDE23450DF8000D7A85 /* PBXContainerItemProxy */;
		};
/* End PBXTargetDependency section */

/* Begin PBXVariantGroup section */
		9A8BDFD023450DF6000D7A85 /* Main.storyboard */ = {
			isa = PBXVariantGroup;
			children = (
				9A8BDFD123450DF6000D7A85 /* Base */,
			);
			name = Main.storyboard;
			sourceTree = "<group>";
		};
		9A8BDFD523450DF8000D7A85 /* LaunchScreen.storyboard */ = {
			isa = PBXVariantGroup;
			children = (
				9A8BDFD623450DF8000D7A85 /* Base */,
			);
			name = LaunchScreen.storyboard;
			sourceTree = "<group>";
		};
/* End PBXVariantGroup section */

/* Begin XCBuildConfiguration section */
		9A40A6B823AD92500031E91F /* Debug */ = {
			isa = XCBuildConfiguration;
			buildSettings = {
				BUNDLE_LOADER = "$(TEST_HOST)";
				CODE_SIGN_STYLE = Automatic;
				DEVELOPMENT_TEAM = 96YMJQ87Y2;
				INFOPLIST_FILE = Measurement/Info.plist;
				IPHONEOS_DEPLOYMENT_TARGET = 13.2;
				LD_RUNPATH_SEARCH_PATHS = (
					"$(inherited)",
					"@executable_path/Frameworks",
					"@loader_path/Frameworks",
				);
				PRODUCT_BUNDLE_IDENTIFIER = vladyslav.anokhin.Measurement;
				PRODUCT_NAME = "$(TARGET_NAME)";
				SWIFT_VERSION = 5.0;
				TARGETED_DEVICE_FAMILY = "1,2";
				TEST_HOST = "$(BUILT_PRODUCTS_DIR)/Huffman.app/Huffman";
			};
			name = Debug;
		};
		9A40A6B923AD92500031E91F /* Release */ = {
			isa = XCBuildConfiguration;
			buildSettings = {
				BUNDLE_LOADER = "$(TEST_HOST)";
				CODE_SIGN_STYLE = Automatic;
				DEVELOPMENT_TEAM = 96YMJQ87Y2;
				INFOPLIST_FILE = Measurement/Info.plist;
				IPHONEOS_DEPLOYMENT_TARGET = 13.2;
				LD_RUNPATH_SEARCH_PATHS = (
					"$(inherited)",
					"@executable_path/Frameworks",
					"@loader_path/Frameworks",
				);
				PRODUCT_BUNDLE_IDENTIFIER = vladyslav.anokhin.Measurement;
				PRODUCT_NAME = "$(TARGET_NAME)";
				SWIFT_VERSION = 5.0;
				TARGETED_DEVICE_FAMILY = "1,2";
				TEST_HOST = "$(BUILT_PRODUCTS_DIR)/Huffman.app/Huffman";
			};
			name = Release;
		};
		9A8BDFE423450DF8000D7A85 /* Debug */ = {
			isa = XCBuildConfiguration;
			buildSettings = {
				ALWAYS_SEARCH_USER_PATHS = NO;
				CLANG_ANALYZER_NONNULL = YES;
				CLANG_ANALYZER_NUMBER_OBJECT_CONVERSION = YES_AGGRESSIVE;
				CLANG_CXX_LANGUAGE_STANDARD = "gnu++14";
				CLANG_CXX_LIBRARY = "libc++";
				CLANG_ENABLE_MODULES = YES;
				CLANG_ENABLE_OBJC_ARC = YES;
				CLANG_ENABLE_OBJC_WEAK = YES;
				CLANG_WARN_BLOCK_CAPTURE_AUTORELEASING = YES;
				CLANG_WARN_BOOL_CONVERSION = YES;
				CLANG_WARN_COMMA = YES;
				CLANG_WARN_CONSTANT_CONVERSION = YES;
				CLANG_WARN_DEPRECATED_OBJC_IMPLEMENTATIONS = YES;
				CLANG_WARN_DIRECT_OBJC_ISA_USAGE = YES_ERROR;
				CLANG_WARN_DOCUMENTATION_COMMENTS = YES;
				CLANG_WARN_EMPTY_BODY = YES;
				CLANG_WARN_ENUM_CONVERSION = YES;
				CLANG_WARN_INFINITE_RECURSION = YES;
				CLANG_WARN_INT_CONVERSION = YES;
				CLANG_WARN_NON_LITERAL_NULL_CONVERSION = YES;
				CLANG_WARN_OBJC_IMPLICIT_RETAIN_SELF = YES;
				CLANG_WARN_OBJC_LITERAL_CONVERSION = YES;
				CLANG_WARN_OBJC_ROOT_CLASS = YES_ERROR;
				CLANG_WARN_RANGE_LOOP_ANALYSIS = YES;
				CLANG_WARN_STRICT_PROTOTYPES = YES;
				CLANG_WARN_SUSPICIOUS_MOVE = YES;
				CLANG_WARN_UNGUARDED_AVAILABILITY = YES_AGGRESSIVE;
				CLANG_WARN_UNREACHABLE_CODE = YES;
				CLANG_WARN__DUPLICATE_METHOD_MATCH = YES;
				COPY_PHASE_STRIP = NO;
				DEBUG_INFORMATION_FORMAT = dwarf;
				ENABLE_STRICT_OBJC_MSGSEND = YES;
				ENABLE_TESTABILITY = YES;
				GCC_C_LANGUAGE_STANDARD = gnu11;
				GCC_DYNAMIC_NO_PIC = NO;
				GCC_NO_COMMON_BLOCKS = YES;
				GCC_OPTIMIZATION_LEVEL = 0;
				GCC_PREPROCESSOR_DEFINITIONS = (
					"DEBUG=1",
					"$(inherited)",
				);
				GCC_WARN_64_TO_32_BIT_CONVERSION = YES;
				GCC_WARN_ABOUT_RETURN_TYPE = YES_ERROR;
				GCC_WARN_UNDECLARED_SELECTOR = YES;
				GCC_WARN_UNINITIALIZED_AUTOS = YES_AGGRESSIVE;
				GCC_WARN_UNUSED_FUNCTION = YES;
				GCC_WARN_UNUSED_VARIABLE = YES;
				IPHONEOS_DEPLOYMENT_TARGET = 13.0;
				MTL_ENABLE_DEBUG_INFO = INCLUDE_SOURCE;
				MTL_FAST_MATH = YES;
				ONLY_ACTIVE_ARCH = YES;
				SDKROOT = iphoneos;
				SWIFT_ACTIVE_COMPILATION_CONDITIONS = DEBUG;
				SWIFT_OPTIMIZATION_LEVEL = "-Onone";
			};
			name = Debug;
		};
		9A8BDFE523450DF8000D7A85 /* Release */ = {
			isa = XCBuildConfiguration;
			buildSettings = {
				ALWAYS_SEARCH_USER_PATHS = NO;
				CLANG_ANALYZER_NONNULL = YES;
				CLANG_ANALYZER_NUMBER_OBJECT_CONVERSION = YES_AGGRESSIVE;
				CLANG_CXX_LANGUAGE_STANDARD = "gnu++14";
				CLANG_CXX_LIBRARY = "libc++";
				CLANG_ENABLE_MODULES = YES;
				CLANG_ENABLE_OBJC_ARC = YES;
				CLANG_ENABLE_OBJC_WEAK = YES;
				CLANG_WARN_BLOCK_CAPTURE_AUTORELEASING = YES;
				CLANG_WARN_BOOL_CONVERSION = YES;
				CLANG_WARN_COMMA = YES;
				CLANG_WARN_CONSTANT_CONVERSION = YES;
				CLANG_WARN_DEPRECATED_OBJC_IMPLEMENTATIONS = YES;
				CLANG_WARN_DIRECT_OBJC_ISA_USAGE = YES_ERROR;
				CLANG_WARN_DOCUMENTATION_COMMENTS = YES;
				CLANG_WARN_EMPTY_BODY = YES;
				CLANG_WARN_ENUM_CONVERSION = YES;
				CLANG_WARN_INFINITE_RECURSION = YES;
				CLANG_WARN_INT_CONVERSION = YES;
				CLANG_WARN_NON_LITERAL_NULL_CONVERSION = YES;
				CLANG_WARN_OBJC_IMPLICIT_RETAIN_SELF = YES;
				CLANG_WARN_OBJC_LITERAL_CONVERSION = YES;
				CLANG_WARN_OBJC_ROOT_CLASS = YES_ERROR;
				CLANG_WARN_RANGE_LOOP_ANALYSIS = YES;
				CLANG_WARN_STRICT_PROTOTYPES = YES;
				CLANG_WARN_SUSPICIOUS_MOVE = YES;
				CLANG_WARN_UNGUARDED_AVAILABILITY = YES_AGGRESSIVE;
				CLANG_WARN_UNREACHABLE_CODE = YES;
				CLANG_WARN__DUPLICATE_METHOD_MATCH = YES;
				COPY_PHASE_STRIP = NO;
				DEBUG_INFORMATION_FORMAT = "dwarf-with-dsym";
				ENABLE_NS_ASSERTIONS = NO;
				ENABLE_STRICT_OBJC_MSGSEND = YES;
				GCC_C_LANGUAGE_STANDARD = gnu11;
				GCC_NO_COMMON_BLOCKS = YES;
				GCC_WARN_64_TO_32_BIT_CONVERSION = YES;
				GCC_WARN_ABOUT_RETURN_TYPE = YES_ERROR;
				GCC_WARN_UNDECLARED_SELECTOR = YES;
				GCC_WARN_UNINITIALIZED_AUTOS = YES_AGGRESSIVE;
				GCC_WARN_UNUSED_FUNCTION = YES;
				GCC_WARN_UNUSED_VARIABLE = YES;
				IPHONEOS_DEPLOYMENT_TARGET = 13.0;
				MTL_ENABLE_DEBUG_INFO = NO;
				MTL_FAST_MATH = YES;
				SDKROOT = iphoneos;
				SWIFT_COMPILATION_MODE = wholemodule;
				SWIFT_OPTIMIZATION_LEVEL = "-O";
				VALIDATE_PRODUCT = YES;
			};
			name = Release;
		};
		9A8BDFE723450DF8000D7A85 /* Debug */ = {
			isa = XCBuildConfiguration;
			buildSettings = {
				ASSETCATALOG_COMPILER_APPICON_NAME = AppIcon;
				CODE_SIGN_STYLE = Automatic;
				DEVELOPMENT_TEAM = 96YMJQ87Y2;
				INFOPLIST_FILE = Huffman/Info.plist;
				LD_RUNPATH_SEARCH_PATHS = (
					"$(inherited)",
					"@executable_path/Frameworks",
				);
				PRODUCT_BUNDLE_IDENTIFIER = vladyslav.anokhin.Huffman;
				PRODUCT_NAME = "$(TARGET_NAME)";
				SWIFT_VERSION = 5.0;
				TARGETED_DEVICE_FAMILY = "1,2";
			};
			name = Debug;
		};
		9A8BDFE823450DF8000D7A85 /* Release */ = {
			isa = XCBuildConfiguration;
			buildSettings = {
				ASSETCATALOG_COMPILER_APPICON_NAME = AppIcon;
				CODE_SIGN_STYLE = Automatic;
				DEVELOPMENT_TEAM = 96YMJQ87Y2;
				INFOPLIST_FILE = Huffman/Info.plist;
				LD_RUNPATH_SEARCH_PATHS = (
					"$(inherited)",
					"@executable_path/Frameworks",
				);
				PRODUCT_BUNDLE_IDENTIFIER = vladyslav.anokhin.Huffman;
				PRODUCT_NAME = "$(TARGET_NAME)";
				SWIFT_VERSION = 5.0;
				TARGETED_DEVICE_FAMILY = "1,2";
			};
			name = Release;
		};
		9A8BDFEA23450DF8000D7A85 /* Debug */ = {
			isa = XCBuildConfiguration;
			buildSettings = {
				ALWAYS_EMBED_SWIFT_STANDARD_LIBRARIES = YES;
				BUNDLE_LOADER = "$(TEST_HOST)";
				CODE_SIGN_STYLE = Automatic;
				DEVELOPMENT_TEAM = 96YMJQ87Y2;
				INFOPLIST_FILE = HuffmanTests/Info.plist;
				IPHONEOS_DEPLOYMENT_TARGET = 13.0;
				LD_RUNPATH_SEARCH_PATHS = (
					"$(inherited)",
					"@executable_path/Frameworks",
					"@loader_path/Frameworks",
				);
				PRODUCT_BUNDLE_IDENTIFIER = vladyslav.anokhin.HuffmanTests;
				PRODUCT_NAME = "$(TARGET_NAME)";
				SWIFT_VERSION = 5.0;
				TARGETED_DEVICE_FAMILY = "1,2";
				TEST_HOST = "$(BUILT_PRODUCTS_DIR)/Huffman.app/Huffman";
			};
			name = Debug;
		};
		9A8BDFEB23450DF8000D7A85 /* Release */ = {
			isa = XCBuildConfiguration;
			buildSettings = {
				ALWAYS_EMBED_SWIFT_STANDARD_LIBRARIES = YES;
				BUNDLE_LOADER = "$(TEST_HOST)";
				CODE_SIGN_STYLE = Automatic;
				DEVELOPMENT_TEAM = 96YMJQ87Y2;
				INFOPLIST_FILE = HuffmanTests/Info.plist;
				IPHONEOS_DEPLOYMENT_TARGET = 13.0;
				LD_RUNPATH_SEARCH_PATHS = (
					"$(inherited)",
					"@executable_path/Frameworks",
					"@loader_path/Frameworks",
				);
				PRODUCT_BUNDLE_IDENTIFIER = vladyslav.anokhin.HuffmanTests;
				PRODUCT_NAME = "$(TARGET_NAME)";
				SWIFT_VERSION = 5.0;
				TARGETED_DEVICE_FAMILY = "1,2";
				TEST_HOST = "$(BUILT_PRODUCTS_DIR)/Huffman.app/Huffman";
			};
			name = Release;
		};
/* End XCBuildConfiguration section */

/* Begin XCConfigurationList section */
		9A40A6B723AD92500031E91F /* Build configuration list for PBXNativeTarget "Measurement" */ = {
			isa = XCConfigurationList;
			buildConfigurations = (
				9A40A6B823AD92500031E91F /* Debug */,
				9A40A6B923AD92500031E91F /* Release */,
			);
			defaultConfigurationIsVisible = 0;
			defaultConfigurationName = Release;
		};
		9A8BDFC223450DF6000D7A85 /* Build configuration list for PBXProject "Huffman" */ = {
			isa = XCConfigurationList;
			buildConfigurations = (
				9A8BDFE423450DF8000D7A85 /* Debug */,
				9A8BDFE523450DF8000D7A85 /* Release */,
			);
			defaultConfigurationIsVisible = 0;
			defaultConfigurationName = Release;
		};
		9A8BDFE623450DF8000D7A85 /* Build configuration list for PBXNativeTarget "Huffman" */ = {
			isa = XCConfigurationList;
			buildConfigurations = (
				9A8BDFE723450DF8000D7A85 /* Debug */,
				9A8BDFE823450DF8000D7A85 /* Release */,
			);
			defaultConfigurationIsVisible = 0;
			defaultConfigurationName = Release;
		};
		9A8BDFE923450DF8000D7A85 /* Build configuration list for PBXNativeTarget "HuffmanTests" */ = {
			isa = XCConfigurationList;
			buildConfigurations = (
				9A8BDFEA23450DF8000D7A85 /* Debug */,
				9A8BDFEB23450DF8000D7A85 /* Release */,
			);
			defaultConfigurationIsVisible = 0;
			defaultConfigurationName = Release;
		};
/* End XCConfigurationList section */
	};
	rootObject = 9A8BDFBF23450DF6000D7A85 /* Project object */;
}
